
Microsoft Visual Studio Solution File, Format Version 12.00
# Visual Studio Version 17
VisualStudioVersion = 17.1.32407.343
MinimumVisualStudioVersion = 10.0.40219.1
Project("{FAE04EC0-301F-11D3-BF4B-00C04F79EFBC}") = "JSONRestAPIReadConsole", "JSONRestAPIReadConsole\JSONRestAPIReadConsole.csproj", "{C3B6E7E2-55DC-4154-90BB-942799940477}"
EndProject
Global
	GlobalSection(SolutionConfigurationPlatforms) = preSolution
		Debug|Any CPU = Debug|Any CPU
		Release|Any CPU = Release|Any CPU
	EndGlobalSection
	GlobalSection(ProjectConfigurationPlatforms) = postSolution
		{C3B6E7E2-55DC-4154-90BB-942799940477}.Debug|Any CPU.ActiveCfg = Debug|Any CPU
		{C3B6E7E2-55DC-4154-90BB-942799940477}.Debug|Any CPU.Build.0 = Debug|Any CPU
		{C3B6E7E2-55DC-4154-90BB-942799940477}.Release|Any CPU.ActiveCfg = Release|Any CPU
		{C3B6E7E2-55DC-4154-90BB-942799940477}.Release|Any CPU.Build.0 = Release|Any CPU
	EndGlobalSection
	GlobalSection(SolutionProperties) = preSolution
		HideSolutionNode = FALSE
	EndGlobalSection
	GlobalSection(ExtensibilityGlobals) = postSolution
		SolutionGuid = {A4292DB4-EECA-42DA-8E28-B8B7CD81B240}
	EndGlobalSection
EndGlobal
